{
  "version": 4,
  "terraform_version": "1.2.6",
  "serial": 75,
  "lineage": "e01bb889-995b-484a-c14c-d4ee0ce6986e",
  "outputs": {},
  "resources": [
    {
      "mode": "data",
      "type": "sops_file",
      "name": "hypervisors",
      "provider": "provider[\"registry.terraform.io/carlpett/sops\"]",
      "instances": [
        {
          "schema_version": 0,
          "attributes": {
            "data": {
              "nas.ip": "10.0.10.20",
              "nas.user": "admin"
            },
            "id": "-",
            "input_type": null,
            "raw": "nas:\n    ip: 10.0.10.20\n    user: admin\n",
            "source_file": "../hypervisors/hypervisors.yaml"
          },
          "sensitive_attributes": []
        }
      ]
    },
    {
      "mode": "data",
      "type": "terraform_remote_state",
      "name": "hypervisors",
      "provider": "provider[\"terraform.io/builtin/terraform\"]",
      "instances": [
        {
          "schema_version": 0,
          "attributes": {
            "backend": "local",
            "config": {
              "value": {
                "path": "../hypervisors/terraform.tfstate"
              },
              "type": [
                "object",
                {
                  "path": "string"
                }
              ]
            },
            "defaults": null,
            "outputs": {
              "value": {
                "nas_os_images": {
                  "debian_11": "/zroot/vms/images/store/debian-11.qcow2"
                },
                "nas_pool_name": "zroot"
              },
              "type": [
                "object",
                {
                  "nas_os_images": [
                    "object",
                    {
                      "debian_11": "string"
                    }
                  ],
                  "nas_pool_name": "string"
                }
              ]
            },
            "workspace": null
          },
          "sensitive_attributes": []
        }
      ]
    },
    {
      "mode": "managed",
      "type": "random_password",
      "name": "k8s-controller-01",
      "provider": "provider[\"registry.terraform.io/hashicorp/random\"]",
      "instances": [
        {
          "schema_version": 2,
          "attributes": {
            "bcrypt_hash": "$2a$10$3FEFjc69E0SdXUHsE3a14.siOphEysr/dzDcaj9mB24F/z/913bfe",
            "id": "none",
            "keepers": null,
            "length": 32,
            "lower": true,
            "min_lower": 0,
            "min_numeric": 0,
            "min_special": 0,
            "min_upper": 0,
            "number": true,
            "numeric": true,
            "override_special": null,
            "result": "TqqYE12fyCk1nfbeObbwjmrzRmJOorey",
            "special": false,
            "upper": true
          },
          "sensitive_attributes": [],
          "private": "eyJzY2hlbWFfdmVyc2lvbiI6IjIifQ=="
        }
      ]
    },
    {
      "mode": "managed",
      "type": "random_password",
      "name": "k8s-worker-01",
      "provider": "provider[\"registry.terraform.io/hashicorp/random\"]",
      "instances": [
        {
          "schema_version": 2,
          "attributes": {
            "bcrypt_hash": "$2a$10$zmjh/RPcM9ofWKANK9/7HeRtZNGe1Dc6ZaspOAWdZmY81vXVVfd8G",
            "id": "none",
            "keepers": null,
            "length": 32,
            "lower": true,
            "min_lower": 0,
            "min_numeric": 0,
            "min_special": 0,
            "min_upper": 0,
            "number": true,
            "numeric": true,
            "override_special": null,
            "result": "BNpui2WzUITx4vMOAFhlL4cqNgeQAIjA",
            "special": false,
            "upper": true
          },
          "sensitive_attributes": [],
          "private": "eyJzY2hlbWFfdmVyc2lvbiI6IjIifQ=="
        }
      ]
    },
    {
      "module": "module.k8s-controller-01",
      "mode": "managed",
      "type": "libvirt_cloudinit_disk",
      "name": "cloudinit",
      "provider": "provider[\"registry.terraform.io/dmacvicar/libvirt\"].nas",
      "instances": [
        {
          "schema_version": 0,
          "attributes": {
            "id": "/zroot/vms/images/store/k8s-controller-01.lab.jaymes.xyz-cloudinit.iso;4792d51e-4a95-4aeb-9032-0a794e5a7554",
            "meta_data": "",
            "name": "k8s-controller-01.lab.jaymes.xyz-cloudinit.iso",
            "network_config": "version: 2\nethernets:\n  ens3:\n     dhcp4: false\n     addresses: [ 10.0.10.24/24 ]\n     gateway4: 10.0.10.1\n     nameservers:\n       addresses: [ 1.1.1.1, 8.8.8.8 ]\n       search: [ lab.jaymes.xyz ]\n",
            "pool": "zroot",
            "user_data": "#cloud-config\n\nhostname: k8s-controller-01\nfqdn: k8s-controller-01.lab.jaymes.xyz\nssh_pwauth: false\ndisable_root: false\nusers:\n  - name: admin\n    groups: wheel\n    sudo: ALL=(ALL) NOPASSWD:ALL\n    ssh-authorized-keys:\n      - ssh-rsa AAAAB3NzaC1yc2EAAAADAQABAAACAQDLWizAeAAB/LkAVCIzlw94ullQvJIeP3UZEL1fD1Os4SF8E+fhA/4/wgaw+z2hFdqR3QkcSTVCmYzoRd9xV4q16hFqmohMhtvWNf+6JsU7w/jd5vBg9/testAwxdoPy8aUdp1kyi7rA1Ahed2tVIXd5cxJ+nbXxPslcOtUK6+buIdFlJeI6+cBo/YKckY2NDO76ftJhPocSQBy2xPqG5yQfcAojnTY7pk1zrDzcn1gNbbcrB1tXj3qhRMyZe4Fqe86RxLQxADEyCFKMaE2n07CRxLKTLuWQpm2HkrPsf63a5G+s7L1y4mHIQOy2Sra0YtBIKxdbyghSIFJiAEEA6qSBsDcWEWMcHPhPR0s1XHFw3f08gQVruXLkVIoAeX3jX73w+RDMS32/hP2ZMNJsmS5Q2LtS3yfAX8PfHKHeXiaCyY6hwY6UoHJHd8YfsAQbiva4q+gxBVDCHpQ283xNK/hXPuyN0bIYt1YYT95yHFQnCgEh6egB2j2G13QsX7tTPalzP4VL/F2p4vOTe5gTcS93mgtcnp/s4zYzBSVmw3//Lb4EE10/VC/Zk8WnEK9jDG5odqjngFdWYQilyC8JxN0nEvInJQeQsY+YlT+PEDABm8BKq7rvMPG2Qq3nYoKE3qGi7N5lepK8ZnZ+Mrl5glXDneOFxau0OVU5qKeR8vEnw== trent@arch\nchpasswd:\n  list: |\n     root:TqqYE12fyCk1nfbeObbwjmrzRmJOorey\n  expire: False\npackages:\n    - qemu-guest-agent\nfinal_message: \"The system has been configured after $UPTIME seconds.\"\n"
          },
          "sensitive_attributes": [
            [
              {
                "type": "get_attr",
                "value": "user_data"
              }
            ]
          ],
          "private": "bnVsbA==",
          "dependencies": [
            "data.sops_file.hypervisors",
            "data.terraform_remote_state.hypervisors",
            "random_password.k8s-controller-01"
          ]
        }
      ]
    },
    {
      "module": "module.k8s-controller-01",
      "mode": "managed",
      "type": "libvirt_domain",
      "name": "main",
      "provider": "provider[\"registry.terraform.io/dmacvicar/libvirt\"].nas",
      "instances": [
        {
          "schema_version": 0,
          "attributes": {
            "arch": "x86_64",
            "autostart": true,
            "boot_device": [],
            "cloudinit": "/zroot/vms/images/store/k8s-controller-01.lab.jaymes.xyz-cloudinit.iso;4792d51e-4a95-4aeb-9032-0a794e5a7554",
            "cmdline": null,
            "console": [
              {
                "source_host": "127.0.0.1",
                "source_path": "",
                "source_service": "0",
                "target_port": "0",
                "target_type": "serial",
                "type": "pty"
              },
              {
                "source_host": "127.0.0.1",
                "source_path": "",
                "source_service": "0",
                "target_port": "1",
                "target_type": "virtio",
                "type": "pty"
              }
            ],
            "coreos_ignition": null,
            "cpu": [],
            "description": "",
            "disk": [
              {
                "block_device": "",
                "file": "",
                "scsi": false,
                "url": "",
                "volume_id": "/zroot/vms/images/k8s-controller-01.lab.jaymes.xyz.qcow2",
                "wwn": ""
              }
            ],
            "emulator": "/run/libvirt/nix-emulators/qemu-system-x86_64",
            "filesystem": [],
            "firmware": "",
            "fw_cfg_name": "opt/com.coreos/config",
            "graphics": [
              {
                "autoport": true,
                "listen_address": "127.0.0.1",
                "listen_type": "address",
                "type": "spice",
                "websocket": 0
              }
            ],
            "id": "fe49dcaf-ae59-4d93-bb5f-63f56cfa6f89",
            "initrd": "",
            "kernel": "",
            "machine": "pc",
            "memory": 2048,
            "metadata": null,
            "name": "k8s-controller-01.lab.jaymes.xyz",
            "network_interface": [
              {
                "addresses": [],
                "bridge": "br0",
                "hostname": "k8s-controller-01.lab.jaymes.xyz",
                "mac": "52:54:00:8A:EB:20",
                "macvtap": "",
                "network_id": "",
                "network_name": "",
                "passthrough": "",
                "vepa": "",
                "wait_for_lease": false
              }
            ],
            "nvram": [],
            "qemu_agent": false,
            "running": true,
            "timeouts": null,
            "tpm": [],
            "vcpu": 2,
            "video": [],
            "xml": []
          },
          "sensitive_attributes": [],
          "private": "eyJlMmJmYjczMC1lY2FhLTExZTYtOGY4OC0zNDM2M2JjN2M0YzAiOnsiY3JlYXRlIjozMDAwMDAwMDAwMDB9fQ==",
          "dependencies": [
            "data.sops_file.hypervisors",
            "data.terraform_remote_state.hypervisors",
            "module.k8s-controller-01.libvirt_cloudinit_disk.cloudinit",
            "module.k8s-controller-01.libvirt_volume.additional_disks",
            "module.k8s-controller-01.libvirt_volume.main",
            "random_password.k8s-controller-01"
          ]
        }
      ]
    },
    {
      "module": "module.k8s-controller-01",
      "mode": "managed",
      "type": "libvirt_volume",
      "name": "main",
      "provider": "provider[\"registry.terraform.io/dmacvicar/libvirt\"].nas",
      "instances": [
        {
          "schema_version": 0,
          "attributes": {
            "base_volume_id": "/zroot/vms/images/store/debian-11.qcow2",
            "base_volume_name": null,
            "base_volume_pool": null,
            "format": "qcow2",
            "id": "/zroot/vms/images/k8s-controller-01.lab.jaymes.xyz.qcow2",
            "name": "k8s-controller-01.lab.jaymes.xyz.qcow2",
            "pool": "default",
            "size": 21474826240,
            "source": null,
            "xml": []
          },
          "sensitive_attributes": [],
          "private": "bnVsbA==",
          "dependencies": [
            "data.sops_file.hypervisors",
            "data.terraform_remote_state.hypervisors"
          ]
        }
      ]
    },
    {
      "module": "module.k8s-worker-01",
      "mode": "managed",
      "type": "libvirt_cloudinit_disk",
      "name": "cloudinit",
      "provider": "provider[\"registry.terraform.io/dmacvicar/libvirt\"].nas",
      "instances": [
        {
          "schema_version": 0,
          "attributes": {
            "id": "/zroot/vms/images/store/k8s-worker-01.lab.jaymes.xyz-cloudinit.iso;c24dc68a-4383-4642-91b0-1633a9f52a47",
            "meta_data": "",
            "name": "k8s-worker-01.lab.jaymes.xyz-cloudinit.iso",
            "network_config": "version: 2\nethernets:\n  ens3:\n     dhcp4: false\n     addresses: [ 10.0.10.30/24 ]\n     gateway4: 10.0.10.1\n     nameservers:\n       addresses: [ 1.1.1.1, 8.8.8.8 ]\n       search: [ lab.jaymes.xyz ]\n",
            "pool": "zroot",
            "user_data": "#cloud-config\n\nhostname: k8s-worker-01\nfqdn: k8s-worker-01.lab.jaymes.xyz\nssh_pwauth: false\ndisable_root: false\nusers:\n  - name: admin\n    groups: wheel\n    sudo: ALL=(ALL) NOPASSWD:ALL\n    ssh-authorized-keys:\n      - ssh-rsa AAAAB3NzaC1yc2EAAAADAQABAAACAQDLWizAeAAB/LkAVCIzlw94ullQvJIeP3UZEL1fD1Os4SF8E+fhA/4/wgaw+z2hFdqR3QkcSTVCmYzoRd9xV4q16hFqmohMhtvWNf+6JsU7w/jd5vBg9/testAwxdoPy8aUdp1kyi7rA1Ahed2tVIXd5cxJ+nbXxPslcOtUK6+buIdFlJeI6+cBo/YKckY2NDO76ftJhPocSQBy2xPqG5yQfcAojnTY7pk1zrDzcn1gNbbcrB1tXj3qhRMyZe4Fqe86RxLQxADEyCFKMaE2n07CRxLKTLuWQpm2HkrPsf63a5G+s7L1y4mHIQOy2Sra0YtBIKxdbyghSIFJiAEEA6qSBsDcWEWMcHPhPR0s1XHFw3f08gQVruXLkVIoAeX3jX73w+RDMS32/hP2ZMNJsmS5Q2LtS3yfAX8PfHKHeXiaCyY6hwY6UoHJHd8YfsAQbiva4q+gxBVDCHpQ283xNK/hXPuyN0bIYt1YYT95yHFQnCgEh6egB2j2G13QsX7tTPalzP4VL/F2p4vOTe5gTcS93mgtcnp/s4zYzBSVmw3//Lb4EE10/VC/Zk8WnEK9jDG5odqjngFdWYQilyC8JxN0nEvInJQeQsY+YlT+PEDABm8BKq7rvMPG2Qq3nYoKE3qGi7N5lepK8ZnZ+Mrl5glXDneOFxau0OVU5qKeR8vEnw== trent@arch\nchpasswd:\n  list: |\n     root:BNpui2WzUITx4vMOAFhlL4cqNgeQAIjA\n  expire: False\npackages:\n    - qemu-guest-agent\nfinal_message: \"The system has been configured after $UPTIME seconds.\"\n"
          },
          "sensitive_attributes": [
            [
              {
                "type": "get_attr",
                "value": "user_data"
              }
            ]
          ],
          "private": "bnVsbA==",
          "dependencies": [
            "data.sops_file.hypervisors",
            "data.terraform_remote_state.hypervisors",
            "random_password.k8s-worker-01"
          ]
        }
      ]
    },
    {
      "module": "module.k8s-worker-01",
      "mode": "managed",
      "type": "libvirt_domain",
      "name": "main",
      "provider": "provider[\"registry.terraform.io/dmacvicar/libvirt\"].nas",
      "instances": [
        {
          "schema_version": 0,
          "attributes": {
            "arch": "x86_64",
            "autostart": true,
            "boot_device": [],
            "cloudinit": "/zroot/vms/images/store/k8s-worker-01.lab.jaymes.xyz-cloudinit.iso;c24dc68a-4383-4642-91b0-1633a9f52a47",
            "cmdline": null,
            "console": [
              {
                "source_host": "127.0.0.1",
                "source_path": "",
                "source_service": "0",
                "target_port": "0",
                "target_type": "serial",
                "type": "pty"
              },
              {
                "source_host": "127.0.0.1",
                "source_path": "",
                "source_service": "0",
                "target_port": "1",
                "target_type": "virtio",
                "type": "pty"
              }
            ],
            "coreos_ignition": null,
            "cpu": [],
            "description": "",
            "disk": [
              {
                "block_device": "",
                "file": "",
                "scsi": false,
                "url": "",
                "volume_id": "/zroot/vms/images/k8s-worker-01.lab.jaymes.xyz.qcow2",
                "wwn": ""
              }
            ],
            "emulator": "/run/libvirt/nix-emulators/qemu-system-x86_64",
            "filesystem": [],
            "firmware": "",
            "fw_cfg_name": "opt/com.coreos/config",
            "graphics": [
              {
                "autoport": true,
                "listen_address": "127.0.0.1",
                "listen_type": "address",
                "type": "spice",
                "websocket": 0
              }
            ],
            "id": "da7e6c05-3bed-4ed2-8977-28fcd905286f",
            "initrd": "",
            "kernel": "",
            "machine": "pc",
            "memory": 32768,
            "metadata": null,
            "name": "k8s-worker-01.lab.jaymes.xyz",
            "network_interface": [
              {
                "addresses": [],
                "bridge": "br0",
                "hostname": "k8s-worker-01.lab.jaymes.xyz",
                "mac": "52:54:00:A6:3A:6D",
                "macvtap": "",
                "network_id": "",
                "network_name": "",
                "passthrough": "",
                "vepa": "",
                "wait_for_lease": false
              }
            ],
            "nvram": [],
            "qemu_agent": false,
            "running": true,
            "timeouts": null,
            "tpm": [],
            "vcpu": 16,
            "video": [],
            "xml": []
          },
          "sensitive_attributes": [],
          "private": "eyJlMmJmYjczMC1lY2FhLTExZTYtOGY4OC0zNDM2M2JjN2M0YzAiOnsiY3JlYXRlIjozMDAwMDAwMDAwMDB9fQ==",
          "dependencies": [
            "data.sops_file.hypervisors",
            "data.terraform_remote_state.hypervisors",
            "module.k8s-worker-01.libvirt_cloudinit_disk.cloudinit",
            "module.k8s-worker-01.libvirt_volume.additional_disks",
            "module.k8s-worker-01.libvirt_volume.main",
            "random_password.k8s-worker-01"
          ]
        }
      ]
    },
    {
      "module": "module.k8s-worker-01",
      "mode": "managed",
      "type": "libvirt_volume",
      "name": "main",
      "provider": "provider[\"registry.terraform.io/dmacvicar/libvirt\"].nas",
      "instances": [
        {
          "schema_version": 0,
          "attributes": {
            "base_volume_id": "/zroot/vms/images/store/debian-11.qcow2",
            "base_volume_name": null,
            "base_volume_pool": null,
            "format": "qcow2",
            "id": "/zroot/vms/images/k8s-worker-01.lab.jaymes.xyz.qcow2",
            "name": "k8s-worker-01.lab.jaymes.xyz.qcow2",
            "pool": "default",
            "size": 21474826240,
            "source": null,
            "xml": []
          },
          "sensitive_attributes": [],
          "private": "bnVsbA==",
          "dependencies": [
            "data.sops_file.hypervisors",
            "data.terraform_remote_state.hypervisors"
          ]
        }
      ]
    }
  ]
}
